Microsoft Visual Studio Solution File, Format Version 12.00
# Visual Studio Version 17
VisualStudioVersion = 17.6.33829.357
MinimumVisualStudioVersion = 10.0.40219.1
Project("{9A19103F-16F7-4668-BE54-9A1E7A4F7556}") = "Palace.Host", "src\Palace.Host\Palace.Host.csproj", "{920E1C1B-9A8E-43C5-A441-C4CE5F9442AA}"
EndProject
Project("{9A19103F-16F7-4668-BE54-9A1E7A4F7556}") = "Palace.Server", "src\Palace.Server\Palace.Server.csproj", "{A383454E-B145-44B7-9504-48016E5F2B18}"
EndProject
Project("{9A19103F-16F7-4668-BE54-9A1E7A4F7556}") = "Palace.Client", "src\Palace.Client\Palace.Client.csproj", "{5E37DB0D-A8AA-4C16-9654-30FA6D9E1275}"
EndProject
Project("{9A19103F-16F7-4668-BE54-9A1E7A4F7556}") = "Palace.Shared", "src\Palace.Shared\Palace.Shared.csproj", "{36528466-65D8-4765-BFCA-4EE57A247654}"
EndProject
Project("{2150E333-8FDC-42A3-9474-1A3956D46DE8}") = "Solution Items", "Solution Items", "{9126D093-1CD8-49BE-9518-0300BF058444}"
	ProjectSection(SolutionItems) = preProject
		.gitignore = .gitignore
		.github\workflows\main.yml = .github\workflows\main.yml
		README.md = README.md
	EndProjectSection
EndProject
Project("{9A19103F-16F7-4668-BE54-9A1E7A4F7556}") = "DemoSvc1", "src\DemoSvc1\DemoSvc1.csproj", "{465215F1-727D-4CE5-A52A-9E8BE5153D87}"
EndProject
Project("{9A19103F-16F7-4668-BE54-9A1E7A4F7556}") = "DeployToPalace", "src\DeployToPalace\DeployToPalace.csproj", "{0AB50DC2-B8D0-4908-80B5-7B05069B4105}"
EndProject
Project("{2150E333-8FDC-42A3-9474-1A3956D46DE8}") = "Tools", "Tools", "{CB47925A-25D4-4873-BA27-54DEBE00FAC7}"
EndProject
Project("{2150E333-8FDC-42A3-9474-1A3956D46DE8}") = "Demo", "Demo", "{0372F8FA-ED3E-4086-87C6-FAC4B134EB74}"
EndProject
Project("{9A19103F-16F7-4668-BE54-9A1E7A4F7556}") = "PalaceDeployCli", "src\PalaceDeployCli\PalaceDeployCli.csproj", "{A411D71F-4494-4FBA-95D2-F3347F69017E}"
EndProject
Project("{9A19103F-16F7-4668-BE54-9A1E7A4F7556}") = "Palace.Tests", "src\Palace.Tests\Palace.Tests.csproj", "{12C41496-834E-4D83-847C-959B83EF092E}"
EndProject
Project("{2150E333-8FDC-42A3-9474-1A3956D46DE8}") = "Plugins", "Plugins", "{325DF400-FF0E-4981-9123-DAEDD4BAEA7D}"
EndProject
Project("{9A19103F-16F7-4668-BE54-9A1E7A4F7556}") = "Palace.Secret.KeyVaultProvider", "src\Palace.Secret.KeyVaultProvider\Palace.Secret.KeyVaultProvider.csproj", "{0C423CF4-E7ED-458C-8965-47ABDF69C4A6}"
EndProject
Project("{9A19103F-16F7-4668-BE54-9A1E7A4F7556}") = "Palace.Plugin.PackageDownloader.AzureStorage", "src\Plugins\Palace.Plugin.PackageDownloader.AzureStorage\Palace.Plugin.PackageDownloader.AzureStorage.csproj", "{F15C25D2-CBB5-45E7-9A20-366758087C48}"
EndProject
Project("{9A19103F-16F7-4668-BE54-9A1E7A4F7556}") = "Palace.Plugin.2FA", "src\Plugins\Palace.Plugin.2FA\Palace.Plugin.2FA.csproj", "{32939B7B-205A-4E4A-923D-01654BA3D170}"
EndProject
Project("{9A19103F-16F7-4668-BE54-9A1E7A4F7556}") = "Palace.WebApp", "src\Palace.WebApp\Palace.WebApp.csproj", "{B88C2BC5-AD5E-42FB-8430-E1BF87A861E7}"
EndProject
Project("{2150E333-8FDC-42A3-9474-1A3956D46DE8}") = "Tests", "Tests", "{9269D523-F189-454E-A588-C9C6B2749837}"
EndProject
Global
	GlobalSection(SolutionConfigurationPlatforms) = preSolution
		Debug|Any CPU = Debug|Any CPU
		Release|Any CPU = Release|Any CPU
	EndGlobalSection
	GlobalSection(ProjectConfigurationPlatforms) = postSolution
		{920E1C1B-9A8E-43C5-A441-C4CE5F9442AA}.Debug|Any CPU.ActiveCfg = Debug|Any CPU
		{920E1C1B-9A8E-43C5-A441-C4CE5F9442AA}.Debug|Any CPU.Build.0 = Debug|Any CPU
		{920E1C1B-9A8E-43C5-A441-C4CE5F9442AA}.Release|Any CPU.ActiveCfg = Release|Any CPU
		{920E1C1B-9A8E-43C5-A441-C4CE5F9442AA}.Release|Any CPU.Build.0 = Release|Any CPU
		{A383454E-B145-44B7-9504-48016E5F2B18}.Debug|Any CPU.ActiveCfg = Debug|Any CPU
		{A383454E-B145-44B7-9504-48016E5F2B18}.Debug|Any CPU.Build.0 = Debug|Any CPU
		{A383454E-B145-44B7-9504-48016E5F2B18}.Release|Any CPU.ActiveCfg = Release|Any CPU
		{A383454E-B145-44B7-9504-48016E5F2B18}.Release|Any CPU.Build.0 = Release|Any CPU
		{5E37DB0D-A8AA-4C16-9654-30FA6D9E1275}.Debug|Any CPU.ActiveCfg = Debug|Any CPU
		{5E37DB0D-A8AA-4C16-9654-30FA6D9E1275}.Debug|Any CPU.Build.0 = Debug|Any CPU
		{5E37DB0D-A8AA-4C16-9654-30FA6D9E1275}.Release|Any CPU.ActiveCfg = Release|Any CPU
		{5E37DB0D-A8AA-4C16-9654-30FA6D9E1275}.Release|Any CPU.Build.0 = Release|Any CPU
		{36528466-65D8-4765-BFCA-4EE57A247654}.Debug|Any CPU.ActiveCfg = Debug|Any CPU
		{36528466-65D8-4765-BFCA-4EE57A247654}.Debug|Any CPU.Build.0 = Debug|Any CPU
		{36528466-65D8-4765-BFCA-4EE57A247654}.Release|Any CPU.ActiveCfg = Release|Any CPU
		{36528466-65D8-4765-BFCA-4EE57A247654}.Release|Any CPU.Build.0 = Release|Any CPU
		{465215F1-727D-4CE5-A52A-9E8BE5153D87}.Debug|Any CPU.ActiveCfg = Debug|Any CPU
		{465215F1-727D-4CE5-A52A-9E8BE5153D87}.Debug|Any CPU.Build.0 = Debug|Any CPU
		{465215F1-727D-4CE5-A52A-9E8BE5153D87}.Release|Any CPU.ActiveCfg = Release|Any CPU
		{465215F1-727D-4CE5-A52A-9E8BE5153D87}.Release|Any CPU.Build.0 = Release|Any CPU
		{0AB50DC2-B8D0-4908-80B5-7B05069B4105}.Debug|Any CPU.ActiveCfg = Debug|Any CPU
		{0AB50DC2-B8D0-4908-80B5-7B05069B4105}.Debug|Any CPU.Build.0 = Debug|Any CPU
		{0AB50DC2-B8D0-4908-80B5-7B05069B4105}.Release|Any CPU.ActiveCfg = Release|Any CPU
		{0AB50DC2-B8D0-4908-80B5-7B05069B4105}.Release|Any CPU.Build.0 = Release|Any CPU
		{A411D71F-4494-4FBA-95D2-F3347F69017E}.Debug|Any CPU.ActiveCfg = Debug|Any CPU
		{A411D71F-4494-4FBA-95D2-F3347F69017E}.Debug|Any CPU.Build.0 = Debug|Any CPU
		{A411D71F-4494-4FBA-95D2-F3347F69017E}.Release|Any CPU.ActiveCfg = Release|Any CPU
		{A411D71F-4494-4FBA-95D2-F3347F69017E}.Release|Any CPU.Build.0 = Release|Any CPU
		{12C41496-834E-4D83-847C-959B83EF092E}.Debug|Any CPU.ActiveCfg = Debug|Any CPU
		{12C41496-834E-4D83-847C-959B83EF092E}.Debug|Any CPU.Build.0 = Debug|Any CPU
		{12C41496-834E-4D83-847C-959B83EF092E}.Release|Any CPU.ActiveCfg = Release|Any CPU
		{12C41496-834E-4D83-847C-959B83EF092E}.Release|Any CPU.Build.0 = Release|Any CPU
		{0C423CF4-E7ED-458C-8965-47ABDF69C4A6}.Debug|Any CPU.ActiveCfg = Debug|Any CPU
		{0C423CF4-E7ED-458C-8965-47ABDF69C4A6}.Debug|Any CPU.Build.0 = Debug|Any CPU
		{0C423CF4-E7ED-458C-8965-47ABDF69C4A6}.Release|Any CPU.ActiveCfg = Release|Any CPU
		{0C423CF4-E7ED-458C-8965-47ABDF69C4A6}.Release|Any CPU.Build.0 = Release|Any CPU
		{F15C25D2-CBB5-45E7-9A20-366758087C48}.Debug|Any CPU.ActiveCfg = Debug|Any CPU
		{F15C25D2-CBB5-45E7-9A20-366758087C48}.Debug|Any CPU.Build.0 = Debug|Any CPU
		{F15C25D2-CBB5-45E7-9A20-366758087C48}.Release|Any CPU.ActiveCfg = Release|Any CPU
		{F15C25D2-CBB5-45E7-9A20-366758087C48}.Release|Any CPU.Build.0 = Release|Any CPU
		{32939B7B-205A-4E4A-923D-01654BA3D170}.Debug|Any CPU.ActiveCfg = Debug|Any CPU
		{32939B7B-205A-4E4A-923D-01654BA3D170}.Debug|Any CPU.Build.0 = Debug|Any CPU
		{32939B7B-205A-4E4A-923D-01654BA3D170}.Release|Any CPU.ActiveCfg = Release|Any CPU
		{32939B7B-205A-4E4A-923D-01654BA3D170}.Release|Any CPU.Build.0 = Release|Any CPU
		{B88C2BC5-AD5E-42FB-8430-E1BF87A861E7}.Debug|Any CPU.ActiveCfg = Debug|Any CPU
		{B88C2BC5-AD5E-42FB-8430-E1BF87A861E7}.Debug|Any CPU.Build.0 = Debug|Any CPU
		{B88C2BC5-AD5E-42FB-8430-E1BF87A861E7}.Release|Any CPU.ActiveCfg = Release|Any CPU
		{B88C2BC5-AD5E-42FB-8430-E1BF87A861E7}.Release|Any CPU.Build.0 = Release|Any CPU
	EndGlobalSection
	GlobalSection(SolutionProperties) = preSolution
		HideSolutionNode = FALSE
	EndGlobalSection
	GlobalSection(NestedProjects) = preSolution
		{465215F1-727D-4CE5-A52A-9E8BE5153D87} = {0372F8FA-ED3E-4086-87C6-FAC4B134EB74}
		{0AB50DC2-B8D0-4908-80B5-7B05069B4105} = {CB47925A-25D4-4873-BA27-54DEBE00FAC7}
		{A411D71F-4494-4FBA-95D2-F3347F69017E} = {CB47925A-25D4-4873-BA27-54DEBE00FAC7}
		{12C41496-834E-4D83-847C-959B83EF092E} = {9269D523-F189-454E-A588-C9C6B2749837}
		{0C423CF4-E7ED-458C-8965-47ABDF69C4A6} = {325DF400-FF0E-4981-9123-DAEDD4BAEA7D}
		{F15C25D2-CBB5-45E7-9A20-366758087C48} = {325DF400-FF0E-4981-9123-DAEDD4BAEA7D}
		{32939B7B-205A-4E4A-923D-01654BA3D170} = {325DF400-FF0E-4981-9123-DAEDD4BAEA7D}
	EndGlobalSection
	GlobalSection(ExtensibilityGlobals) = postSolution
		SolutionGuid = {03F1914F-F8F3-47BD-A007-324419A2A92F}
	EndGlobalSection
EndGlobal
